
Microsoft Visual Studio Solution File, Format Version 12.00
# Visual Studio Version 17
VisualStudioVersion = 17.1.31911.260
MinimumVisualStudioVersion = 15.0.26124.0
Project("{FAE04EC0-301F-11D3-BF4B-00C04F79EFBC}") = "Sentry", "src\sentry-dotnet\src\Sentry\Sentry.csproj", "{A1406740-5D00-4272-9B22-FA919A10EC5C}"
EndProject
Project("{FAE04EC0-301F-11D3-BF4B-00C04F79EFBC}") = "Sentry.Unity", "src\Sentry.Unity\Sentry.Unity.csproj", "{1325A3DF-F3C9-4EF4-94F7-B283FE9DA18D}"
EndProject
Project("{FAE04EC0-301F-11D3-BF4B-00C04F79EFBC}") = "Sentry.Unity.Editor", "src\Sentry.Unity.Editor\Sentry.Unity.Editor.csproj", "{583BBF7E-054D-414D-AAA8-47C400AB3914}"
EndProject
Project("{2150E333-8FDC-42A3-9474-1A3956D46DE8}") = "Solution Items", "Solution Items", "{FB2E6EF2-1905-4952-BBC4-CB7B4D2CB34A}"
ProjectSection(SolutionItems) = preProject
	Directory.Build.props = Directory.Build.props
	CHANGELOG.md = CHANGELOG.md
	CONTRIBUTING.md = CONTRIBUTING.md
	Directory.Build.targets = Directory.Build.targets
EndProjectSection
EndProject
Project("{2150E333-8FDC-42A3-9474-1A3956D46DE8}") = "test", "test", "{6A85CE0A-6FE4-4190-ABEE-7E8BCFF9AF4D}"
ProjectSection(SolutionItems) = preProject
	test\Directory.Build.props = test\Directory.Build.props
EndProjectSection
EndProject
Project("{FAE04EC0-301F-11D3-BF4B-00C04F79EFBC}") = "Sentry.Unity.Tests", "test\Sentry.Unity.Tests\Sentry.Unity.Tests.csproj", "{262199FF-1C7B-4D50-8D30-E197CC003A46}"
EndProject
Project("{FAE04EC0-301F-11D3-BF4B-00C04F79EFBC}") = "Sentry.Unity.Editor.Tests", "test\Sentry.Unity.Editor.Tests\Sentry.Unity.Editor.Tests.csproj", "{B3F2AFD5-E075-43CD-BE89-626330A60457}"
EndProject
Project("{2150E333-8FDC-42A3-9474-1A3956D46DE8}") = "src", "src", "{36979A3D-4741-4D8A-82BF-4010474388E1}"
ProjectSection(SolutionItems) = preProject
	src\Directory.Build.props = src\Directory.Build.props
EndProjectSection
EndProject
Project("{FAE04EC0-301F-11D3-BF4B-00C04F79EFBC}") = "Sentry.Unity.Editor.iOS", "src\Sentry.Unity.Editor.iOS\Sentry.Unity.Editor.iOS.csproj", "{703A3ECC-048C-443A-B624-0D17DFC674AA}"
EndProject
Project("{FAE04EC0-301F-11D3-BF4B-00C04F79EFBC}") = "Sentry.Unity.Editor.iOS.Tests", "test\Sentry.Unity.Editor.iOS.Tests\Sentry.Unity.Editor.iOS.Tests.csproj", "{A43C866F-FA99-4B01-B480-6A7901569FAB}"
EndProject
Project("{FAE04EC0-301F-11D3-BF4B-00C04F79EFBC}") = "Sentry.Unity.iOS", "src\Sentry.Unity.iOS\Sentry.Unity.iOS.csproj", "{9E01A414-DD86-49BD-B10F-6DEF42BE9474}"
EndProject
Project("{FAE04EC0-301F-11D3-BF4B-00C04F79EFBC}") = "Sentry.Unity.iOS.Tests", "test\Sentry.Unity.iOS.Tests\Sentry.Unity.iOS.Tests.csproj", "{BE8D1F39-B2FA-48D3-8884-96CA02C5B13F}"
EndProject
Project("{FAE04EC0-301F-11D3-BF4B-00C04F79EFBC}") = "Sentry.Unity.Android", "src\Sentry.Unity.Android\Sentry.Unity.Android.csproj", "{35A9BDB0-253E-4753-9D47-99CE6AAA4F07}"
EndProject
Project("{FAE04EC0-301F-11D3-BF4B-00C04F79EFBC}") = "Sentry.Unity.Android.Tests", "test\Sentry.Unity.Android.Tests\Sentry.Unity.Android.Tests.csproj", "{DC954ED7-3DFA-4197-B511-202CB70AA816}"
EndProject
Global
	GlobalSection(SolutionConfigurationPlatforms) = preSolution
		Debug|Any CPU = Debug|Any CPU
		Debug|x64 = Debug|x64
		Debug|x86 = Debug|x86
		Release|Any CPU = Release|Any CPU
		Release|x64 = Release|x64
		Release|x86 = Release|x86
	EndGlobalSection
	GlobalSection(ProjectConfigurationPlatforms) = postSolution
		{A1406740-5D00-4272-9B22-FA919A10EC5C}.Debug|Any CPU.ActiveCfg = Debug|Any CPU
		{A1406740-5D00-4272-9B22-FA919A10EC5C}.Debug|Any CPU.Build.0 = Debug|Any CPU
		{A1406740-5D00-4272-9B22-FA919A10EC5C}.Debug|x64.ActiveCfg = Debug|Any CPU
		{A1406740-5D00-4272-9B22-FA919A10EC5C}.Debug|x64.Build.0 = Debug|Any CPU
		{A1406740-5D00-4272-9B22-FA919A10EC5C}.Debug|x86.ActiveCfg = Debug|Any CPU
		{A1406740-5D00-4272-9B22-FA919A10EC5C}.Debug|x86.Build.0 = Debug|Any CPU
		{A1406740-5D00-4272-9B22-FA919A10EC5C}.Release|Any CPU.ActiveCfg = Release|Any CPU
		{A1406740-5D00-4272-9B22-FA919A10EC5C}.Release|Any CPU.Build.0 = Release|Any CPU
		{A1406740-5D00-4272-9B22-FA919A10EC5C}.Release|x64.ActiveCfg = Release|Any CPU
		{A1406740-5D00-4272-9B22-FA919A10EC5C}.Release|x64.Build.0 = Release|Any CPU
		{A1406740-5D00-4272-9B22-FA919A10EC5C}.Release|x86.ActiveCfg = Release|Any CPU
		{A1406740-5D00-4272-9B22-FA919A10EC5C}.Release|x86.Build.0 = Release|Any CPU
		{1325A3DF-F3C9-4EF4-94F7-B283FE9DA18D}.Debug|Any CPU.ActiveCfg = Debug|Any CPU
		{1325A3DF-F3C9-4EF4-94F7-B283FE9DA18D}.Debug|Any CPU.Build.0 = Debug|Any CPU
		{1325A3DF-F3C9-4EF4-94F7-B283FE9DA18D}.Debug|x64.ActiveCfg = Debug|Any CPU
		{1325A3DF-F3C9-4EF4-94F7-B283FE9DA18D}.Debug|x64.Build.0 = Debug|Any CPU
		{1325A3DF-F3C9-4EF4-94F7-B283FE9DA18D}.Debug|x86.ActiveCfg = Debug|Any CPU
		{1325A3DF-F3C9-4EF4-94F7-B283FE9DA18D}.Debug|x86.Build.0 = Debug|Any CPU
		{1325A3DF-F3C9-4EF4-94F7-B283FE9DA18D}.Release|Any CPU.ActiveCfg = Release|Any CPU
		{1325A3DF-F3C9-4EF4-94F7-B283FE9DA18D}.Release|Any CPU.Build.0 = Release|Any CPU
		{1325A3DF-F3C9-4EF4-94F7-B283FE9DA18D}.Release|x64.ActiveCfg = Release|Any CPU
		{1325A3DF-F3C9-4EF4-94F7-B283FE9DA18D}.Release|x64.Build.0 = Release|Any CPU
		{1325A3DF-F3C9-4EF4-94F7-B283FE9DA18D}.Release|x86.ActiveCfg = Release|Any CPU
		{1325A3DF-F3C9-4EF4-94F7-B283FE9DA18D}.Release|x86.Build.0 = Release|Any CPU
		{583BBF7E-054D-414D-AAA8-47C400AB3914}.Debug|Any CPU.ActiveCfg = Debug|Any CPU
		{583BBF7E-054D-414D-AAA8-47C400AB3914}.Debug|Any CPU.Build.0 = Debug|Any CPU
		{583BBF7E-054D-414D-AAA8-47C400AB3914}.Debug|x64.ActiveCfg = Debug|Any CPU
		{583BBF7E-054D-414D-AAA8-47C400AB3914}.Debug|x64.Build.0 = Debug|Any CPU
		{583BBF7E-054D-414D-AAA8-47C400AB3914}.Debug|x86.ActiveCfg = Debug|Any CPU
		{583BBF7E-054D-414D-AAA8-47C400AB3914}.Debug|x86.Build.0 = Debug|Any CPU
		{583BBF7E-054D-414D-AAA8-47C400AB3914}.Release|Any CPU.ActiveCfg = Release|Any CPU
		{583BBF7E-054D-414D-AAA8-47C400AB3914}.Release|Any CPU.Build.0 = Release|Any CPU
		{583BBF7E-054D-414D-AAA8-47C400AB3914}.Release|x64.ActiveCfg = Release|Any CPU
		{583BBF7E-054D-414D-AAA8-47C400AB3914}.Release|x64.Build.0 = Release|Any CPU
		{583BBF7E-054D-414D-AAA8-47C400AB3914}.Release|x86.ActiveCfg = Release|Any CPU
		{583BBF7E-054D-414D-AAA8-47C400AB3914}.Release|x86.Build.0 = Release|Any CPU
		{262199FF-1C7B-4D50-8D30-E197CC003A46}.Debug|Any CPU.ActiveCfg = Debug|Any CPU
		{262199FF-1C7B-4D50-8D30-E197CC003A46}.Debug|Any CPU.Build.0 = Debug|Any CPU
		{262199FF-1C7B-4D50-8D30-E197CC003A46}.Debug|x64.ActiveCfg = Debug|Any CPU
		{262199FF-1C7B-4D50-8D30-E197CC003A46}.Debug|x64.Build.0 = Debug|Any CPU
		{262199FF-1C7B-4D50-8D30-E197CC003A46}.Debug|x86.ActiveCfg = Debug|Any CPU
		{262199FF-1C7B-4D50-8D30-E197CC003A46}.Debug|x86.Build.0 = Debug|Any CPU
		{262199FF-1C7B-4D50-8D30-E197CC003A46}.Release|Any CPU.ActiveCfg = Release|Any CPU
		{262199FF-1C7B-4D50-8D30-E197CC003A46}.Release|Any CPU.Build.0 = Release|Any CPU
		{262199FF-1C7B-4D50-8D30-E197CC003A46}.Release|x64.ActiveCfg = Release|Any CPU
		{262199FF-1C7B-4D50-8D30-E197CC003A46}.Release|x64.Build.0 = Release|Any CPU
		{262199FF-1C7B-4D50-8D30-E197CC003A46}.Release|x86.ActiveCfg = Release|Any CPU
		{262199FF-1C7B-4D50-8D30-E197CC003A46}.Release|x86.Build.0 = Release|Any CPU
		{B3F2AFD5-E075-43CD-BE89-626330A60457}.Debug|Any CPU.ActiveCfg = Debug|Any CPU
		{B3F2AFD5-E075-43CD-BE89-626330A60457}.Debug|Any CPU.Build.0 = Debug|Any CPU
		{B3F2AFD5-E075-43CD-BE89-626330A60457}.Debug|x64.ActiveCfg = Debug|Any CPU
		{B3F2AFD5-E075-43CD-BE89-626330A60457}.Debug|x64.Build.0 = Debug|Any CPU
		{B3F2AFD5-E075-43CD-BE89-626330A60457}.Debug|x86.ActiveCfg = Debug|Any CPU
		{B3F2AFD5-E075-43CD-BE89-626330A60457}.Debug|x86.Build.0 = Debug|Any CPU
		{B3F2AFD5-E075-43CD-BE89-626330A60457}.Release|Any CPU.ActiveCfg = Release|Any CPU
		{B3F2AFD5-E075-43CD-BE89-626330A60457}.Release|Any CPU.Build.0 = Release|Any CPU
		{B3F2AFD5-E075-43CD-BE89-626330A60457}.Release|x64.ActiveCfg = Release|Any CPU
		{B3F2AFD5-E075-43CD-BE89-626330A60457}.Release|x64.Build.0 = Release|Any CPU
		{B3F2AFD5-E075-43CD-BE89-626330A60457}.Release|x86.ActiveCfg = Release|Any CPU
		{B3F2AFD5-E075-43CD-BE89-626330A60457}.Release|x86.Build.0 = Release|Any CPU
		{703A3ECC-048C-443A-B624-0D17DFC674AA}.Debug|Any CPU.ActiveCfg = Debug|Any CPU
		{703A3ECC-048C-443A-B624-0D17DFC674AA}.Debug|Any CPU.Build.0 = Debug|Any CPU
		{703A3ECC-048C-443A-B624-0D17DFC674AA}.Debug|x64.ActiveCfg = Debug|Any CPU
		{703A3ECC-048C-443A-B624-0D17DFC674AA}.Debug|x64.Build.0 = Debug|Any CPU
		{703A3ECC-048C-443A-B624-0D17DFC674AA}.Debug|x86.ActiveCfg = Debug|Any CPU
		{703A3ECC-048C-443A-B624-0D17DFC674AA}.Debug|x86.Build.0 = Debug|Any CPU
		{703A3ECC-048C-443A-B624-0D17DFC674AA}.Release|Any CPU.ActiveCfg = Release|Any CPU
		{703A3ECC-048C-443A-B624-0D17DFC674AA}.Release|Any CPU.Build.0 = Release|Any CPU
		{703A3ECC-048C-443A-B624-0D17DFC674AA}.Release|x64.ActiveCfg = Release|Any CPU
		{703A3ECC-048C-443A-B624-0D17DFC674AA}.Release|x64.Build.0 = Release|Any CPU
		{703A3ECC-048C-443A-B624-0D17DFC674AA}.Release|x86.ActiveCfg = Release|Any CPU
		{703A3ECC-048C-443A-B624-0D17DFC674AA}.Release|x86.Build.0 = Release|Any CPU
		{A43C866F-FA99-4B01-B480-6A7901569FAB}.Debug|Any CPU.ActiveCfg = Debug|Any CPU
		{A43C866F-FA99-4B01-B480-6A7901569FAB}.Debug|Any CPU.Build.0 = Debug|Any CPU
		{A43C866F-FA99-4B01-B480-6A7901569FAB}.Debug|x64.ActiveCfg = Debug|Any CPU
		{A43C866F-FA99-4B01-B480-6A7901569FAB}.Debug|x64.Build.0 = Debug|Any CPU
		{A43C866F-FA99-4B01-B480-6A7901569FAB}.Debug|x86.ActiveCfg = Debug|Any CPU
		{A43C866F-FA99-4B01-B480-6A7901569FAB}.Debug|x86.Build.0 = Debug|Any CPU
		{A43C866F-FA99-4B01-B480-6A7901569FAB}.Release|Any CPU.ActiveCfg = Release|Any CPU
		{A43C866F-FA99-4B01-B480-6A7901569FAB}.Release|Any CPU.Build.0 = Release|Any CPU
		{A43C866F-FA99-4B01-B480-6A7901569FAB}.Release|x64.ActiveCfg = Release|Any CPU
		{A43C866F-FA99-4B01-B480-6A7901569FAB}.Release|x64.Build.0 = Release|Any CPU
		{A43C866F-FA99-4B01-B480-6A7901569FAB}.Release|x86.ActiveCfg = Release|Any CPU
		{A43C866F-FA99-4B01-B480-6A7901569FAB}.Release|x86.Build.0 = Release|Any CPU
		{9E01A414-DD86-49BD-B10F-6DEF42BE9474}.Debug|Any CPU.ActiveCfg = Debug|Any CPU
		{9E01A414-DD86-49BD-B10F-6DEF42BE9474}.Debug|Any CPU.Build.0 = Debug|Any CPU
		{9E01A414-DD86-49BD-B10F-6DEF42BE9474}.Debug|x64.ActiveCfg = Debug|Any CPU
		{9E01A414-DD86-49BD-B10F-6DEF42BE9474}.Debug|x64.Build.0 = Debug|Any CPU
		{9E01A414-DD86-49BD-B10F-6DEF42BE9474}.Debug|x86.ActiveCfg = Debug|Any CPU
		{9E01A414-DD86-49BD-B10F-6DEF42BE9474}.Debug|x86.Build.0 = Debug|Any CPU
		{9E01A414-DD86-49BD-B10F-6DEF42BE9474}.Release|Any CPU.ActiveCfg = Release|Any CPU
		{9E01A414-DD86-49BD-B10F-6DEF42BE9474}.Release|Any CPU.Build.0 = Release|Any CPU
		{9E01A414-DD86-49BD-B10F-6DEF42BE9474}.Release|x64.ActiveCfg = Release|Any CPU
		{9E01A414-DD86-49BD-B10F-6DEF42BE9474}.Release|x64.Build.0 = Release|Any CPU
		{9E01A414-DD86-49BD-B10F-6DEF42BE9474}.Release|x86.ActiveCfg = Release|Any CPU
		{9E01A414-DD86-49BD-B10F-6DEF42BE9474}.Release|x86.Build.0 = Release|Any CPU
		{BE8D1F39-B2FA-48D3-8884-96CA02C5B13F}.Debug|Any CPU.ActiveCfg = Debug|Any CPU
		{BE8D1F39-B2FA-48D3-8884-96CA02C5B13F}.Debug|Any CPU.Build.0 = Debug|Any CPU
		{BE8D1F39-B2FA-48D3-8884-96CA02C5B13F}.Debug|x64.ActiveCfg = Debug|Any CPU
		{BE8D1F39-B2FA-48D3-8884-96CA02C5B13F}.Debug|x64.Build.0 = Debug|Any CPU
		{BE8D1F39-B2FA-48D3-8884-96CA02C5B13F}.Debug|x86.ActiveCfg = Debug|Any CPU
		{BE8D1F39-B2FA-48D3-8884-96CA02C5B13F}.Debug|x86.Build.0 = Debug|Any CPU
		{BE8D1F39-B2FA-48D3-8884-96CA02C5B13F}.Release|Any CPU.ActiveCfg = Release|Any CPU
		{BE8D1F39-B2FA-48D3-8884-96CA02C5B13F}.Release|Any CPU.Build.0 = Release|Any CPU
		{BE8D1F39-B2FA-48D3-8884-96CA02C5B13F}.Release|x64.ActiveCfg = Release|Any CPU
		{BE8D1F39-B2FA-48D3-8884-96CA02C5B13F}.Release|x64.Build.0 = Release|Any CPU
		{BE8D1F39-B2FA-48D3-8884-96CA02C5B13F}.Release|x86.ActiveCfg = Release|Any CPU
		{BE8D1F39-B2FA-48D3-8884-96CA02C5B13F}.Release|x86.Build.0 = Release|Any CPU
		{35A9BDB0-253E-4753-9D47-99CE6AAA4F07}.Debug|Any CPU.ActiveCfg = Debug|Any CPU
		{35A9BDB0-253E-4753-9D47-99CE6AAA4F07}.Debug|Any CPU.Build.0 = Debug|Any CPU
		{35A9BDB0-253E-4753-9D47-99CE6AAA4F07}.Debug|x64.ActiveCfg = Debug|Any CPU
		{35A9BDB0-253E-4753-9D47-99CE6AAA4F07}.Debug|x64.Build.0 = Debug|Any CPU
		{35A9BDB0-253E-4753-9D47-99CE6AAA4F07}.Debug|x86.ActiveCfg = Debug|Any CPU
		{35A9BDB0-253E-4753-9D47-99CE6AAA4F07}.Debug|x86.Build.0 = Debug|Any CPU
		{35A9BDB0-253E-4753-9D47-99CE6AAA4F07}.Release|Any CPU.ActiveCfg = Release|Any CPU
		{35A9BDB0-253E-4753-9D47-99CE6AAA4F07}.Release|Any CPU.Build.0 = Release|Any CPU
		{35A9BDB0-253E-4753-9D47-99CE6AAA4F07}.Release|x64.ActiveCfg = Release|Any CPU
		{35A9BDB0-253E-4753-9D47-99CE6AAA4F07}.Release|x64.Build.0 = Release|Any CPU
		{35A9BDB0-253E-4753-9D47-99CE6AAA4F07}.Release|x86.ActiveCfg = Release|Any CPU
		{35A9BDB0-253E-4753-9D47-99CE6AAA4F07}.Release|x86.Build.0 = Release|Any CPU
		{DC954ED7-3DFA-4197-B511-202CB70AA816}.Debug|Any CPU.ActiveCfg = Debug|Any CPU
		{DC954ED7-3DFA-4197-B511-202CB70AA816}.Debug|Any CPU.Build.0 = Debug|Any CPU
		{DC954ED7-3DFA-4197-B511-202CB70AA816}.Debug|x64.ActiveCfg = Debug|Any CPU
		{DC954ED7-3DFA-4197-B511-202CB70AA816}.Debug|x64.Build.0 = Debug|Any CPU
		{DC954ED7-3DFA-4197-B511-202CB70AA816}.Debug|x86.ActiveCfg = Debug|Any CPU
		{DC954ED7-3DFA-4197-B511-202CB70AA816}.Debug|x86.Build.0 = Debug|Any CPU
		{DC954ED7-3DFA-4197-B511-202CB70AA816}.Release|Any CPU.ActiveCfg = Release|Any CPU
		{DC954ED7-3DFA-4197-B511-202CB70AA816}.Release|Any CPU.Build.0 = Release|Any CPU
		{DC954ED7-3DFA-4197-B511-202CB70AA816}.Release|x64.ActiveCfg = Release|Any CPU
		{DC954ED7-3DFA-4197-B511-202CB70AA816}.Release|x64.Build.0 = Release|Any CPU
		{DC954ED7-3DFA-4197-B511-202CB70AA816}.Release|x86.ActiveCfg = Release|Any CPU
		{DC954ED7-3DFA-4197-B511-202CB70AA816}.Release|x86.Build.0 = Release|Any CPU
	EndGlobalSection
	GlobalSection(SolutionProperties) = preSolution
		HideSolutionNode = FALSE
	EndGlobalSection
	GlobalSection(ExtensibilityGlobals) = postSolution
		SolutionGuid = {12BCF000-7A19-4A05-93E2-F6E8E2AB0C4A}
	EndGlobalSection
	GlobalSection(NestedProjects) = preSolution
		{262199FF-1C7B-4D50-8D30-E197CC003A46} = {6A85CE0A-6FE4-4190-ABEE-7E8BCFF9AF4D}
		{B3F2AFD5-E075-43CD-BE89-626330A60457} = {6A85CE0A-6FE4-4190-ABEE-7E8BCFF9AF4D}
		{A1406740-5D00-4272-9B22-FA919A10EC5C} = {36979A3D-4741-4D8A-82BF-4010474388E1}
		{1325A3DF-F3C9-4EF4-94F7-B283FE9DA18D} = {36979A3D-4741-4D8A-82BF-4010474388E1}
		{583BBF7E-054D-414D-AAA8-47C400AB3914} = {36979A3D-4741-4D8A-82BF-4010474388E1}
		{703A3ECC-048C-443A-B624-0D17DFC674AA} = {36979A3D-4741-4D8A-82BF-4010474388E1}
		{A43C866F-FA99-4B01-B480-6A7901569FAB} = {6A85CE0A-6FE4-4190-ABEE-7E8BCFF9AF4D}
		{9E01A414-DD86-49BD-B10F-6DEF42BE9474} = {36979A3D-4741-4D8A-82BF-4010474388E1}
		{BE8D1F39-B2FA-48D3-8884-96CA02C5B13F} = {6A85CE0A-6FE4-4190-ABEE-7E8BCFF9AF4D}
		{35A9BDB0-253E-4753-9D47-99CE6AAA4F07} = {36979A3D-4741-4D8A-82BF-4010474388E1}
		{DC954ED7-3DFA-4197-B511-202CB70AA816} = {6A85CE0A-6FE4-4190-ABEE-7E8BCFF9AF4D}
	EndGlobalSection
EndGlobal
