
Microsoft Visual Studio Solution File, Format Version 12.00
# Visual Studio Version 16
VisualStudioVersion = 16.0.30523.141
MinimumVisualStudioVersion = 15.0.26124.0
Project("{9A19103F-16F7-4668-BE54-9A1E7A4F7556}") = "Sentry.Unity", "src\Sentry.Unity\Sentry.Unity.csproj", "{0C4EEBB5-B0FC-43A9-BCE3-E398E5264F23}"
EndProject
Project("{9A19103F-16F7-4668-BE54-9A1E7A4F7556}") = "Sentry.Unity.Android", "src\Sentry.Unity.Android\Sentry.Unity.Android.csproj", "{ADB8E241-6879-47F9-8E08-FDBE9BBEB803}"
EndProject
Project("{2150E333-8FDC-42A3-9474-1A3956D46DE8}") = "Solution Items", "Solution Items", "{B567D4AE-A452-4CC3-B645-B08C5938F8B4}"
	ProjectSection(SolutionItems) = preProject
		.editorconfig = .editorconfig
		.gitignore = .gitignore
		src\Directory.Build.props = src\Directory.Build.props
	EndProjectSection
EndProject
Project("{9A19103F-16F7-4668-BE54-9A1E7A4F7556}") = "Sentry.Unity.Android.Editor", "src\Sentry.Unity.Android.Editor\Sentry.Unity.Android.Editor.csproj", "{7781BD5A-B020-4B42-9F89-F67AC58C1D13}"
EndProject
Global
	GlobalSection(SolutionConfigurationPlatforms) = preSolution
		Debug|Any CPU = Debug|Any CPU
		Debug|x64 = Debug|x64
		Debug|x86 = Debug|x86
		Release|Any CPU = Release|Any CPU
		Release|x64 = Release|x64
		Release|x86 = Release|x86
	EndGlobalSection
	GlobalSection(ProjectConfigurationPlatforms) = postSolution
		{0C4EEBB5-B0FC-43A9-BCE3-E398E5264F23}.Debug|Any CPU.ActiveCfg = Debug|Any CPU
		{0C4EEBB5-B0FC-43A9-BCE3-E398E5264F23}.Debug|Any CPU.Build.0 = Debug|Any CPU
		{0C4EEBB5-B0FC-43A9-BCE3-E398E5264F23}.Debug|x64.ActiveCfg = Debug|Any CPU
		{0C4EEBB5-B0FC-43A9-BCE3-E398E5264F23}.Debug|x64.Build.0 = Debug|Any CPU
		{0C4EEBB5-B0FC-43A9-BCE3-E398E5264F23}.Debug|x86.ActiveCfg = Debug|Any CPU
		{0C4EEBB5-B0FC-43A9-BCE3-E398E5264F23}.Debug|x86.Build.0 = Debug|Any CPU
		{0C4EEBB5-B0FC-43A9-BCE3-E398E5264F23}.Release|Any CPU.ActiveCfg = Release|Any CPU
		{0C4EEBB5-B0FC-43A9-BCE3-E398E5264F23}.Release|Any CPU.Build.0 = Release|Any CPU
		{0C4EEBB5-B0FC-43A9-BCE3-E398E5264F23}.Release|x64.ActiveCfg = Release|Any CPU
		{0C4EEBB5-B0FC-43A9-BCE3-E398E5264F23}.Release|x64.Build.0 = Release|Any CPU
		{0C4EEBB5-B0FC-43A9-BCE3-E398E5264F23}.Release|x86.ActiveCfg = Release|Any CPU
		{0C4EEBB5-B0FC-43A9-BCE3-E398E5264F23}.Release|x86.Build.0 = Release|Any CPU
		{ADB8E241-6879-47F9-8E08-FDBE9BBEB803}.Debug|Any CPU.ActiveCfg = Debug|Any CPU
		{ADB8E241-6879-47F9-8E08-FDBE9BBEB803}.Debug|Any CPU.Build.0 = Debug|Any CPU
		{ADB8E241-6879-47F9-8E08-FDBE9BBEB803}.Debug|x64.ActiveCfg = Debug|Any CPU
		{ADB8E241-6879-47F9-8E08-FDBE9BBEB803}.Debug|x64.Build.0 = Debug|Any CPU
		{ADB8E241-6879-47F9-8E08-FDBE9BBEB803}.Debug|x86.ActiveCfg = Debug|Any CPU
		{ADB8E241-6879-47F9-8E08-FDBE9BBEB803}.Debug|x86.Build.0 = Debug|Any CPU
		{ADB8E241-6879-47F9-8E08-FDBE9BBEB803}.Release|Any CPU.ActiveCfg = Release|Any CPU
		{ADB8E241-6879-47F9-8E08-FDBE9BBEB803}.Release|Any CPU.Build.0 = Release|Any CPU
		{ADB8E241-6879-47F9-8E08-FDBE9BBEB803}.Release|x64.ActiveCfg = Release|Any CPU
		{ADB8E241-6879-47F9-8E08-FDBE9BBEB803}.Release|x64.Build.0 = Release|Any CPU
		{ADB8E241-6879-47F9-8E08-FDBE9BBEB803}.Release|x86.ActiveCfg = Release|Any CPU
		{ADB8E241-6879-47F9-8E08-FDBE9BBEB803}.Release|x86.Build.0 = Release|Any CPU
		{7781BD5A-B020-4B42-9F89-F67AC58C1D13}.Debug|Any CPU.ActiveCfg = Debug|Any CPU
		{7781BD5A-B020-4B42-9F89-F67AC58C1D13}.Debug|Any CPU.Build.0 = Debug|Any CPU
		{7781BD5A-B020-4B42-9F89-F67AC58C1D13}.Debug|x64.ActiveCfg = Debug|Any CPU
		{7781BD5A-B020-4B42-9F89-F67AC58C1D13}.Debug|x64.Build.0 = Debug|Any CPU
		{7781BD5A-B020-4B42-9F89-F67AC58C1D13}.Debug|x86.ActiveCfg = Debug|Any CPU
		{7781BD5A-B020-4B42-9F89-F67AC58C1D13}.Debug|x86.Build.0 = Debug|Any CPU
		{7781BD5A-B020-4B42-9F89-F67AC58C1D13}.Release|Any CPU.ActiveCfg = Release|Any CPU
		{7781BD5A-B020-4B42-9F89-F67AC58C1D13}.Release|Any CPU.Build.0 = Release|Any CPU
		{7781BD5A-B020-4B42-9F89-F67AC58C1D13}.Release|x64.ActiveCfg = Release|Any CPU
		{7781BD5A-B020-4B42-9F89-F67AC58C1D13}.Release|x64.Build.0 = Release|Any CPU
		{7781BD5A-B020-4B42-9F89-F67AC58C1D13}.Release|x86.ActiveCfg = Release|Any CPU
		{7781BD5A-B020-4B42-9F89-F67AC58C1D13}.Release|x86.Build.0 = Release|Any CPU
	EndGlobalSection
	GlobalSection(SolutionProperties) = preSolution
		HideSolutionNode = FALSE
	EndGlobalSection
	GlobalSection(ExtensibilityGlobals) = postSolution
		SolutionGuid = {12BCF000-7A19-4A05-93E2-F6E8E2AB0C4A}
	EndGlobalSection
EndGlobal
